
Microsoft Visual Studio Solution File, Format Version 12.00
# Visual Studio Version 17
VisualStudioVersion = 17.11.35327.3
MinimumVisualStudioVersion = 10.0.40219.1
Project("{FAE04EC0-301F-11D3-BF4B-00C04F79EFBC}") = "IMC", "IMC.csproj", "{4C6DFB2C-DD34-4698-960E-F5A916602611}"
EndProject
Global
	GlobalSection(SolutionConfigurationPlatforms) = preSolution
		Debug|Any CPU = Debug|Any CPU
		Release|Any CPU = Release|Any CPU
	EndGlobalSection
	GlobalSection(ProjectConfigurationPlatforms) = postSolution
		{4C6DFB2C-DD34-4698-960E-F5A916602611}.Debug|Any CPU.ActiveCfg = Debug|Any CPU
		{4C6DFB2C-DD34-4698-960E-F5A916602611}.Debug|Any CPU.Build.0 = Debug|Any CPU
		{4C6DFB2C-DD34-4698-960E-F5A916602611}.Release|Any CPU.ActiveCfg = Release|Any CPU
		{4C6DFB2C-DD34-4698-960E-F5A916602611}.Release|Any CPU.Build.0 = Release|Any CPU
	EndGlobalSection
	GlobalSection(SolutionProperties) = preSolution
		HideSolutionNode = FALSE
	EndGlobalSection
	GlobalSection(ExtensibilityGlobals) = postSolution
		SolutionGuid = {454AF5A4-3111-4106-8EF1-BD247F6640AB}
	EndGlobalSection
EndGlobal
